
Microsoft Visual Studio Solution File, Format Version 12.00
# Visual Studio Version 16
VisualStudioVersion = 16.0.31129.286
MinimumVisualStudioVersion = 10.0.40219.1
Project("{9A19103F-16F7-4668-BE54-9A1E7A4F7556}") = "RESTfulAPI.Model", "RESTfulAPI.Model\RESTfulAPI.Model.csproj", "{849194DA-4C1A-4618-8EFB-6F9F32ED90A7}"
EndProject
Project("{FAE04EC0-301F-11D3-BF4B-00C04F79EFBC}") = "RESTfulAPI.Repository", "RESTfulAPI.Repository\RESTfulAPI.Repository.csproj", "{47458DA5-39AC-4F39-8E55-9C21B7C13CE7}"
EndProject
Global
	GlobalSection(SolutionConfigurationPlatforms) = preSolution
		Debug|Any CPU = Debug|Any CPU
		Release|Any CPU = Release|Any CPU
	EndGlobalSection
	GlobalSection(ProjectConfigurationPlatforms) = postSolution
		{849194DA-4C1A-4618-8EFB-6F9F32ED90A7}.Debug|Any CPU.ActiveCfg = Debug|Any CPU
		{849194DA-4C1A-4618-8EFB-6F9F32ED90A7}.Debug|Any CPU.Build.0 = Debug|Any CPU
		{849194DA-4C1A-4618-8EFB-6F9F32ED90A7}.Release|Any CPU.ActiveCfg = Release|Any CPU
		{849194DA-4C1A-4618-8EFB-6F9F32ED90A7}.Release|Any CPU.Build.0 = Release|Any CPU
		{47458DA5-39AC-4F39-8E55-9C21B7C13CE7}.Debug|Any CPU.ActiveCfg = Debug|Any CPU
		{47458DA5-39AC-4F39-8E55-9C21B7C13CE7}.Debug|Any CPU.Build.0 = Debug|Any CPU
		{47458DA5-39AC-4F39-8E55-9C21B7C13CE7}.Release|Any CPU.ActiveCfg = Release|Any CPU
		{47458DA5-39AC-4F39-8E55-9C21B7C13CE7}.Release|Any CPU.Build.0 = Release|Any CPU
	EndGlobalSection
	GlobalSection(SolutionProperties) = preSolution
		HideSolutionNode = FALSE
	EndGlobalSection
	GlobalSection(ExtensibilityGlobals) = postSolution
		SolutionGuid = {952DF092-E6A9-429A-AA67-16027AAFABD9}
	EndGlobalSection
EndGlobal
